# This file is automatically @generated by Poetry and should not be changed by hand.

[[package]]
name = "pony"
version = "0.7.16"
description = "Pony Object-Relational Mapper"
category = "main"
optional = false
python-versions = "*"
files = [
    {file = "pony-0.7.16-py3-none-any.whl", hash = "sha256:608a1c1d662983bad2590e650f2bbc1cd6ed48558894ad8f50da4739ff98f614"},
    {file = "pony-0.7.16.tar.gz", hash = "sha256:5f45fc67587f4520c560a57148cc573b097d42f82f5cb200d72c957b5708198d"},
]

[metadata]
lock-version = "2.0"
python-versions = "^3.10"
content-hash = "c39ed87724ecbfb8090af33ba510830c2d67955229fd02d580d9dd6f229d5aae"
